// !$*UTF8*$!
{
	archiveVersion = 1;
	classes = {
	};
	objectVersion = 50;
	objects = {

/* Begin PBXBuildFile section */
		A070EE7726E914EB0077F557 /* PartyQueueApp.swift in Sources */ = {isa = PBXBuildFile; fileRef = A070EE6426E914E80077F557 /* PartyQueueApp.swift */; };
		A070EE7826E914EB0077F557 /* PartyQueueApp.swift in Sources */ = {isa = PBXBuildFile; fileRef = A070EE6426E914E80077F557 /* PartyQueueApp.swift */; };
		A070EE7926E914EB0077F557 /* ContentView.swift in Sources */ = {isa = PBXBuildFile; fileRef = A070EE6526E914E80077F557 /* ContentView.swift */; };
		A070EE7A26E914EB0077F557 /* ContentView.swift in Sources */ = {isa = PBXBuildFile; fileRef = A070EE6526E914E80077F557 /* ContentView.swift */; };
		A070EE7B26E914EB0077F557 /* Assets.xcassets in Resources */ = {isa = PBXBuildFile; fileRef = A070EE6626E914EB0077F557 /* Assets.xcassets */; };
		A070EE7C26E914EB0077F557 /* Assets.xcassets in Resources */ = {isa = PBXBuildFile; fileRef = A070EE6626E914EB0077F557 /* Assets.xcassets */; };
/* End PBXBuildFile section */

/* Begin PBXFileReference section */
		A070EE6426E914E80077F557 /* PartyQueueApp.swift */ = {isa = PBXFileReference; lastKnownFileType = sourcecode.swift; path = PartyQueueApp.swift; sourceTree = "<group>"; };
		A070EE6526E914E80077F557 /* ContentView.swift */ = {isa = PBXFileReference; lastKnownFileType = sourcecode.swift; path = ContentView.swift; sourceTree = "<group>"; };
		A070EE6626E914EB0077F557 /* Assets.xcassets */ = {isa = PBXFileReference; lastKnownFileType = folder.assetcatalog; path = Assets.xcassets; sourceTree = "<group>"; };
		A070EE6B26E914EB0077F557 /* PartyQueue.app */ = {isa = PBXFileReference; explicitFileType = wrapper.application; includeInIndex = 0; path = PartyQueue.app; sourceTree = BUILT_PRODUCTS_DIR; };
		A070EE6E26E914EB0077F557 /* Info.plist */ = {isa = PBXFileReference; lastKnownFileType = text.plist.xml; path = Info.plist; sourceTree = "<group>"; };
		A070EE7326E914EB0077F557 /* PartyQueue.app */ = {isa = PBXFileReference; explicitFileType = wrapper.application; includeInIndex = 0; path = PartyQueue.app; sourceTree = BUILT_PRODUCTS_DIR; };
		A070EE7526E914EB0077F557 /* Info.plist */ = {isa = PBXFileReference; lastKnownFileType = text.plist.xml; path = Info.plist; sourceTree = "<group>"; };
		A070EE7626E914EB0077F557 /* macOS.entitlements */ = {isa = PBXFileReference; lastKnownFileType = text.plist.entitlements; path = macOS.entitlements; sourceTree = "<group>"; };
/* End PBXFileReference section */

/* Begin PBXFrameworksBuildPhase section */
		A070EE6826E914EB0077F557 /* Frameworks */ = {
			isa = PBXFrameworksBuildPhase;
			buildActionMask = 2147483647;
			files = (
			);
			runOnlyForDeploymentPostprocessing = 0;
		};
		A070EE7026E914EB0077F557 /* Frameworks */ = {
			isa = PBXFrameworksBuildPhase;
			buildActionMask = 2147483647;
			files = (
			);
			runOnlyForDeploymentPostprocessing = 0;
		};
/* End PBXFrameworksBuildPhase section */

/* Begin PBXGroup section */
		A070EE5E26E914E80077F557 = {
			isa = PBXGroup;
			children = (
				A070EE6326E914E80077F557 /* Shared */,
				A070EE6D26E914EB0077F557 /* iOS */,
				A070EE7426E914EB0077F557 /* macOS */,
				A070EE6C26E914EB0077F557 /* Products */,
			);
			sourceTree = "<group>";
		};
		A070EE6326E914E80077F557 /* Shared */ = {
			isa = PBXGroup;
			children = (
				A070EE6426E914E80077F557 /* PartyQueueApp.swift */,
				A070EE6526E914E80077F557 /* ContentView.swift */,
				A070EE6626E914EB0077F557 /* Assets.xcassets */,
			);
			path = Shared;
			sourceTree = "<group>";
		};
		A070EE6C26E914EB0077F557 /* Products */ = {
			isa = PBXGroup;
			children = (
				A070EE6B26E914EB0077F557 /* PartyQueue.app */,
				A070EE7326E914EB0077F557 /* PartyQueue.app */,
			);
			name = Products;
			sourceTree = "<group>";
		};
		A070EE6D26E914EB0077F557 /* iOS */ = {
			isa = PBXGroup;
			children = (
				A070EE6E26E914EB0077F557 /* Info.plist */,
			);
			path = iOS;
			sourceTree = "<group>";
		};
		A070EE7426E914EB0077F557 /* macOS */ = {
			isa = PBXGroup;
			children = (
				A070EE7526E914EB0077F557 /* Info.plist */,
				A070EE7626E914EB0077F557 /* macOS.entitlements */,
			);
			path = macOS;
			sourceTree = "<group>";
		};
/* End PBXGroup section */

/* Begin PBXNativeTarget section */
		A070EE6A26E914EB0077F557 /* PartyQueue (iOS) */ = {
			isa = PBXNativeTarget;
			buildConfigurationList = A070EE7F26E914EB0077F557 /* Build configuration list for PBXNativeTarget "PartyQueue (iOS)" */;
			buildPhases = (
				A070EE6726E914EB0077F557 /* Sources */,
				A070EE6826E914EB0077F557 /* Frameworks */,
				A070EE6926E914EB0077F557 /* Resources */,
			);
			buildRules = (
			);
			dependencies = (
			);
			name = "PartyQueue (iOS)";
			productName = "PartyQueue (iOS)";
			productReference = A070EE6B26E914EB0077F557 /* PartyQueue.app */;
			productType = "com.apple.product-type.application";
		};
		A070EE7226E914EB0077F557 /* PartyQueue (macOS) */ = {
			isa = PBXNativeTarget;
			buildConfigurationList = A070EE8226E914EB0077F557 /* Build configuration list for PBXNativeTarget "PartyQueue (macOS)" */;
			buildPhases = (
				A070EE6F26E914EB0077F557 /* Sources */,
				A070EE7026E914EB0077F557 /* Frameworks */,
				A070EE7126E914EB0077F557 /* Resources */,
			);
			buildRules = (
			);
			dependencies = (
			);
			name = "PartyQueue (macOS)";
			productName = "PartyQueue (macOS)";
			productReference = A070EE7326E914EB0077F557 /* PartyQueue.app */;
			productType = "com.apple.product-type.application";
		};
/* End PBXNativeTarget section */

/* Begin PBXProject section */
		A070EE5F26E914E80077F557 /* Project object */ = {
			isa = PBXProject;
			attributes = {
				LastSwiftUpdateCheck = 1250;
				LastUpgradeCheck = 1250;
				TargetAttributes = {
					A070EE6A26E914EB0077F557 = {
						CreatedOnToolsVersion = 12.5.1;
					};
					A070EE7226E914EB0077F557 = {
						CreatedOnToolsVersion = 12.5.1;
					};
				};
			};
			buildConfigurationList = A070EE6226E914E80077F557 /* Build configuration list for PBXProject "PartyQueue" */;
			compatibilityVersion = "Xcode 9.3";
			developmentRegion = en;
			hasScannedForEncodings = 0;
			knownRegions = (
				en,
				Base,
			);
			mainGroup = A070EE5E26E914E80077F557;
			productRefGroup = A070EE6C26E914EB0077F557 /* Products */;
			projectDirPath = "";
			projectRoot = "";
			targets = (
				A070EE6A26E914EB0077F557 /* PartyQueue (iOS) */,
				A070EE7226E914EB0077F557 /* PartyQueue (macOS) */,
			);
		};
/* End PBXProject section */

/* Begin PBXResourcesBuildPhase section */
		A070EE6926E914EB0077F557 /* Resources */ = {
			isa = PBXResourcesBuildPhase;
			buildActionMask = 2147483647;
			files = (
				A070EE7B26E914EB0077F557 /* Assets.xcassets in Resources */,
			);
			runOnlyForDeploymentPostprocessing = 0;
		};
		A070EE7126E914EB0077F557 /* Resources */ = {
			isa = PBXResourcesBuildPhase;
			buildActionMask = 2147483647;
			files = (
				A070EE7C26E914EB0077F557 /* Assets.xcassets in Resources */,
			);
			runOnlyForDeploymentPostprocessing = 0;
		};
/* End PBXResourcesBuildPhase section */

/* Begin PBXSourcesBuildPhase section */
		A070EE6726E914EB0077F557 /* Sources */ = {
			isa = PBXSourcesBuildPhase;
			buildActionMask = 2147483647;
			files = (
				A070EE7926E914EB0077F557 /* ContentView.swift in Sources */,
				A070EE7726E914EB0077F557 /* PartyQueueApp.swift in Sources */,
			);
			runOnlyForDeploymentPostprocessing = 0;
		};
		A070EE6F26E914EB0077F557 /* Sources */ = {
			isa = PBXSourcesBuildPhase;
			buildActionMask = 2147483647;
			files = (
				A070EE7A26E914EB0077F557 /* ContentView.swift in Sources */,
				A070EE7826E914EB0077F557 /* PartyQueueApp.swift in Sources */,
			);
			runOnlyForDeploymentPostprocessing = 0;
		};
/* End PBXSourcesBuildPhase section */

/* Begin XCBuildConfiguration section */
		A070EE7D26E914EB0077F557 /* Debug */ = {
			isa = XCBuildConfiguration;
			buildSettings = {
				ALWAYS_SEARCH_USER_PATHS = NO;
				CLANG_ANALYZER_NONNULL = YES;
				CLANG_ANALYZER_NUMBER_OBJECT_CONVERSION = YES_AGGRESSIVE;
				CLANG_CXX_LANGUAGE_STANDARD = "gnu++14";
				CLANG_CXX_LIBRARY = "libc++";
				CLANG_ENABLE_MODULES = YES;
				CLANG_ENABLE_OBJC_ARC = YES;
				CLANG_ENABLE_OBJC_WEAK = YES;
				CLANG_WARN_BLOCK_CAPTURE_AUTORELEASING = YES;
				CLANG_WARN_BOOL_CONVERSION = YES;
				CLANG_WARN_COMMA = YES;
				CLANG_WARN_CONSTANT_CONVERSION = YES;
				CLANG_WARN_DEPRECATED_OBJC_IMPLEMENTATIONS = YES;
				CLANG_WARN_DIRECT_OBJC_ISA_USAGE = YES_ERROR;
				CLANG_WARN_DOCUMENTATION_COMMENTS = YES;
				CLANG_WARN_EMPTY_BODY = YES;
				CLANG_WARN_ENUM_CONVERSION = YES;
				CLANG_WARN_INFINITE_RECURSION = YES;
				CLANG_WARN_INT_CONVERSION = YES;
				CLANG_WARN_NON_LITERAL_NULL_CONVERSION = YES;
				CLANG_WARN_OBJC_IMPLICIT_RETAIN_SELF = YES;
				CLANG_WARN_OBJC_LITERAL_CONVERSION = YES;
				CLANG_WARN_OBJC_ROOT_CLASS = YES_ERROR;
				CLANG_WARN_QUOTED_INCLUDE_IN_FRAMEWORK_HEADER = YES;
				CLANG_WARN_RANGE_LOOP_ANALYSIS = YES;
				CLANG_WARN_STRICT_PROTOTYPES = YES;
				CLANG_WARN_SUSPICIOUS_MOVE = YES;
				CLANG_WARN_UNGUARDED_AVAILABILITY = YES_AGGRESSIVE;
				CLANG_WARN_UNREACHABLE_CODE = YES;
				CLANG_WARN__DUPLICATE_METHOD_MATCH = YES;
				COPY_PHASE_STRIP = NO;
				DEBUG_INFORMATION_FORMAT = dwarf;
				ENABLE_STRICT_OBJC_MSGSEND = YES;
				ENABLE_TESTABILITY = YES;
				GCC_C_LANGUAGE_STANDARD = gnu11;
				GCC_DYNAMIC_NO_PIC = NO;
				GCC_NO_COMMON_BLOCKS = YES;
				GCC_OPTIMIZATION_LEVEL = 0;
				GCC_PREPROCESSOR_DEFINITIONS = (
					"DEBUG=1",
					"$(inherited)",
				);
				GCC_WARN_64_TO_32_BIT_CONVERSION = YES;
				GCC_WARN_ABOUT_RETURN_TYPE = YES_ERROR;
				GCC_WARN_UNDECLARED_SELECTOR = YES;
				GCC_WARN_UNINITIALIZED_AUTOS = YES_AGGRESSIVE;
				GCC_WARN_UNUSED_FUNCTION = YES;
				GCC_WARN_UNUSED_VARIABLE = YES;
				MTL_ENABLE_DEBUG_INFO = INCLUDE_SOURCE;
				MTL_FAST_MATH = YES;
				ONLY_ACTIVE_ARCH = YES;
				SWIFT_ACTIVE_COMPILATION_CONDITIONS = DEBUG;
				SWIFT_OPTIMIZATION_LEVEL = "-Onone";
			};
			name = Debug;
		};
		A070EE7E26E914EB0077F557 /* Release */ = {
			isa = XCBuildConfiguration;
			buildSettings = {
				ALWAYS_SEARCH_USER_PATHS = NO;
				CLANG_ANALYZER_NONNULL = YES;
				CLANG_ANALYZER_NUMBER_OBJECT_CONVERSION = YES_AGGRESSIVE;
				CLANG_CXX_LANGUAGE_STANDARD = "gnu++14";
				CLANG_CXX_LIBRARY = "libc++";
				CLANG_ENABLE_MODULES = YES;
				CLANG_ENABLE_OBJC_ARC = YES;
				CLANG_ENABLE_OBJC_WEAK = YES;
				CLANG_WARN_BLOCK_CAPTURE_AUTORELEASING = YES;
				CLANG_WARN_BOOL_CONVERSION = YES;
				CLANG_WARN_COMMA = YES;
				CLANG_WARN_CONSTANT_CONVERSION = YES;
				CLANG_WARN_DEPRECATED_OBJC_IMPLEMENTATIONS = YES;
				CLANG_WARN_DIRECT_OBJC_ISA_USAGE = YES_ERROR;
				CLANG_WARN_DOCUMENTATION_COMMENTS = YES;
				CLANG_WARN_EMPTY_BODY = YES;
				CLANG_WARN_ENUM_CONVERSION = YES;
				CLANG_WARN_INFINITE_RECURSION = YES;
				CLANG_WARN_INT_CONVERSION = YES;
				CLANG_WARN_NON_LITERAL_NULL_CONVERSION = YES;
				CLANG_WARN_OBJC_IMPLICIT_RETAIN_SELF = YES;
				CLANG_WARN_OBJC_LITERAL_CONVERSION = YES;
				CLANG_WARN_OBJC_ROOT_CLASS = YES_ERROR;
				CLANG_WARN_QUOTED_INCLUDE_IN_FRAMEWORK_HEADER = YES;
				CLANG_WARN_RANGE_LOOP_ANALYSIS = YES;
				CLANG_WARN_STRICT_PROTOTYPES = YES;
				CLANG_WARN_SUSPICIOUS_MOVE = YES;
				CLANG_WARN_UNGUARDED_AVAILABILITY = YES_AGGRESSIVE;
				CLANG_WARN_UNREACHABLE_CODE = YES;
				CLANG_WARN__DUPLICATE_METHOD_MATCH = YES;
				COPY_PHASE_STRIP = NO;
				DEBUG_INFORMATION_FORMAT = "dwarf-with-dsym";
				ENABLE_NS_ASSERTIONS = NO;
				ENABLE_STRICT_OBJC_MSGSEND = YES;
				GCC_C_LANGUAGE_STANDARD = gnu11;
				GCC_NO_COMMON_BLOCKS = YES;
				GCC_WARN_64_TO_32_BIT_CONVERSION = YES;
				GCC_WARN_ABOUT_RETURN_TYPE = YES_ERROR;
				GCC_WARN_UNDECLARED_SELECTOR = YES;
				GCC_WARN_UNINITIALIZED_AUTOS = YES_AGGRESSIVE;
				GCC_WARN_UNUSED_FUNCTION = YES;
				GCC_WARN_UNUSED_VARIABLE = YES;
				MTL_ENABLE_DEBUG_INFO = NO;
				MTL_FAST_MATH = YES;
				SWIFT_COMPILATION_MODE = wholemodule;
				SWIFT_OPTIMIZATION_LEVEL = "-O";
			};
			name = Release;
		};
		A070EE8026E914EB0077F557 /* Debug */ = {
			isa = XCBuildConfiguration;
			buildSettings = {
				ASSETCATALOG_COMPILER_APPICON_NAME = AppIcon;
				ASSETCATALOG_COMPILER_GLOBAL_ACCENT_COLOR_NAME = AccentColor;
				CODE_SIGN_STYLE = Automatic;
				DEVELOPMENT_TEAM = R9N42422Z9;
				ENABLE_PREVIEWS = YES;
				INFOPLIST_FILE = iOS/Info.plist;
				IPHONEOS_DEPLOYMENT_TARGET = 14.0;
				LD_RUNPATH_SEARCH_PATHS = (
					"$(inherited)",
					"@executable_path/Frameworks",
				);
				PRODUCT_BUNDLE_IDENTIFIER = kirbyserv.PartyQueue;
				PRODUCT_NAME = PartyQueue;
				SDKROOT = iphoneos;
				SWIFT_VERSION = 5.0;
				TARGETED_DEVICE_FAMILY = "1,2";
			};
			name = Debug;
		};
		A070EE8126E914EB0077F557 /* Release */ = {
			isa = XCBuildConfiguration;
			buildSettings = {
				ASSETCATALOG_COMPILER_APPICON_NAME = AppIcon;
				ASSETCATALOG_COMPILER_GLOBAL_ACCENT_COLOR_NAME = AccentColor;
				CODE_SIGN_STYLE = Automatic;
				DEVELOPMENT_TEAM = R9N42422Z9;
				ENABLE_PREVIEWS = YES;
				INFOPLIST_FILE = iOS/Info.plist;
				IPHONEOS_DEPLOYMENT_TARGET = 14.0;
				LD_RUNPATH_SEARCH_PATHS = (
					"$(inherited)",
					"@executable_path/Frameworks",
				);
				PRODUCT_BUNDLE_IDENTIFIER = kirbyserv.PartyQueue;
				PRODUCT_NAME = PartyQueue;
				SDKROOT = iphoneos;
				SWIFT_VERSION = 5.0;
				TARGETED_DEVICE_FAMILY = "1,2";
				VALIDATE_PRODUCT = YES;
			};
			name = Release;
		};
		A070EE8326E914EB0077F557 /* Debug */ = {
			isa = XCBuildConfiguration;
			buildSettings = {
				ASSETCATALOG_COMPILER_APPICON_NAME = AppIcon;
				ASSETCATALOG_COMPILER_GLOBAL_ACCENT_COLOR_NAME = AccentColor;
				CODE_SIGN_ENTITLEMENTS = macOS/macOS.entitlements;
				CODE_SIGN_STYLE = Automatic;
				COMBINE_HIDPI_IMAGES = YES;
				DEVELOPMENT_TEAM = R9N42422Z9;
				ENABLE_HARDENED_RUNTIME = YES;
				ENABLE_PREVIEWS = YES;
				INFOPLIST_FILE = macOS/Info.plist;
				LD_RUNPATH_SEARCH_PATHS = (
					"$(inherited)",
					"@executable_path/../Frameworks",
				);
				MACOSX_DEPLOYMENT_TARGET = 11.0;
				PRODUCT_BUNDLE_IDENTIFIER = kirbyserv.PartyQueue;
				PRODUCT_NAME = PartyQueue;
				SDKROOT = macosx;
				SWIFT_VERSION = 5.0;
			};
			name = Debug;
		};
		A070EE8426E914EB0077F557 /* Release */ = {
			isa = XCBuildConfiguration;
			buildSettings = {
				ASSETCATALOG_COMPILER_APPICON_NAME = AppIcon;
				ASSETCATALOG_COMPILER_GLOBAL_ACCENT_COLOR_NAME = AccentColor;
				CODE_SIGN_ENTITLEMENTS = macOS/macOS.entitlements;
				CODE_SIGN_STYLE = Automatic;
				COMBINE_HIDPI_IMAGES = YES;
				DEVELOPMENT_TEAM = R9N42422Z9;
				ENABLE_HARDENED_RUNTIME = YES;
				ENABLE_PREVIEWS = YES;
				INFOPLIST_FILE = macOS/Info.plist;
				LD_RUNPATH_SEARCH_PATHS = (
					"$(inherited)",
					"@executable_path/../Frameworks",
				);
				MACOSX_DEPLOYMENT_TARGET = 11.0;
				PRODUCT_BUNDLE_IDENTIFIER = kirbyserv.PartyQueue;
				PRODUCT_NAME = PartyQueue;
				SDKROOT = macosx;
				SWIFT_VERSION = 5.0;
			};
			name = Release;
		};
/* End XCBuildConfiguration section */

/* Begin XCConfigurationList section */
		A070EE6226E914E80077F557 /* Build configuration list for PBXProject "PartyQueue" */ = {
			isa = XCConfigurationList;
			buildConfigurations = (
				A070EE7D26E914EB0077F557 /* Debug */,
				A070EE7E26E914EB0077F557 /* Release */,
			);
			defaultConfigurationIsVisible = 0;
			defaultConfigurationName = Release;
		};
		A070EE7F26E914EB0077F557 /* Build configuration list for PBXNativeTarget "PartyQueue (iOS)" */ = {
			isa = XCConfigurationList;
			buildConfigurations = (
				A070EE8026E914EB0077F557 /* Debug */,
				A070EE8126E914EB0077F557 /* Release */,
			);
			defaultConfigurationIsVisible = 0;
			defaultConfigurationName = Release;
		};
		A070EE8226E914EB0077F557 /* Build configuration list for PBXNativeTarget "PartyQueue (macOS)" */ = {
			isa = XCConfigurationList;
			buildConfigurations = (
				A070EE8326E914EB0077F557 /* Debug */,
				A070EE8426E914EB0077F557 /* Release */,
			);
			defaultConfigurationIsVisible = 0;
			defaultConfigurationName = Release;
		};
/* End XCConfigurationList section */
	};
	rootObject = A070EE5F26E914E80077F557 /* Project object */;
}
